
Microsoft Visual Studio Solution File, Format Version 12.00
# Visual Studio Version 17
VisualStudioVersion = 17.0.31912.275
MinimumVisualStudioVersion = 10.0.40219.1
Project("{FAE04EC0-301F-11D3-BF4B-00C04F79EFBC}") = "SkiAreaApp", "SkiAreaApp.csproj", "{5A3BE276-1A5C-4F78-8A87-5AD7167D023D}"
EndProject
Global
	GlobalSection(SolutionConfigurationPlatforms) = preSolution
		Debug|Any CPU = Debug|Any CPU
		Release|Any CPU = Release|Any CPU
	EndGlobalSection
	GlobalSection(ProjectConfigurationPlatforms) = postSolution
		{5A3BE276-1A5C-4F78-8A87-5AD7167D023D}.Debug|Any CPU.ActiveCfg = Debug|Any CPU
		{5A3BE276-1A5C-4F78-8A87-5AD7167D023D}.Debug|Any CPU.Build.0 = Debug|Any CPU
		{5A3BE276-1A5C-4F78-8A87-5AD7167D023D}.Release|Any CPU.ActiveCfg = Release|Any CPU
		{5A3BE276-1A5C-4F78-8A87-5AD7167D023D}.Release|Any CPU.Build.0 = Release|Any CPU
	EndGlobalSection
	GlobalSection(SolutionProperties) = preSolution
		HideSolutionNode = FALSE
	EndGlobalSection
	GlobalSection(ExtensibilityGlobals) = postSolution
		SolutionGuid = {CA10147A-2F6F-46D8-B2A3-7AFA649FD37C}
	EndGlobalSection
EndGlobal
